// !$*UTF8*$!
{
	archiveVersion = 1;
	classes = {
	};
	objectVersion = 56;
	objects = {

/* Begin PBXBuildFile section */
		0FD00E1D2D2DD09200869A40 /* BreathControlApp.swift in Sources */ = {isa = PBXBuildFile; fileRef = 0FD00E1C2D2DD09200869A40 /* BreathControlApp.swift */; };
		0FD00E1F2D2DD09200869A40 /* ContentView.swift in Sources */ = {isa = PBXBuildFile; fileRef = 0FD00E1E2D2DD09200869A40 /* ContentView.swift */; };
		0FD00E212D2DD09300869A40 /* Assets.xcassets in Resources */ = {isa = PBXBuildFile; fileRef = 0FD00E202D2DD09300869A40 /* Assets.xcassets */; };
		0FD00E242D2DD09300869A40 /* Preview Assets.xcassets in Resources */ = {isa = PBXBuildFile; fileRef = 0FD00E232D2DD09300869A40 /* Preview Assets.xcassets */; };
		0FD00E2C2D2DD0C100869A40 /* Lottie in Frameworks */ = {isa = PBXBuildFile; productRef = 0FD00E2B2D2DD0C100869A40 /* Lottie */; };
		0FD00E302D2DD0E500869A40 /* LottieView.swift in Sources */ = {isa = PBXBuildFile; fileRef = 0FD00E2F2D2DD0E500869A40 /* LottieView.swift */; };
		0FD00E342D2DD15B00869A40 /* SplashView.swift in Sources */ = {isa = PBXBuildFile; fileRef = 0FD00E332D2DD15B00869A40 /* SplashView.swift */; };
		0FD00E362D2DD51600869A40 /* lottie_circle.json in Resources */ = {isa = PBXBuildFile; fileRef = 0FD00E352D2DD51600869A40 /* lottie_circle.json */; };
		0FD00E382D2DD90900869A40 /* lottie_breathe.json in Resources */ = {isa = PBXBuildFile; fileRef = 0FD00E372D2DD90900869A40 /* lottie_breathe.json */; };
		0FD00E3A2D2DDAB900869A40 /* lottie_flower.json in Resources */ = {isa = PBXBuildFile; fileRef = 0FD00E392D2DDAB900869A40 /* lottie_flower.json */; };
		0FD00E3D2D2DDCA900869A40 /* UIColorExtension.swift in Sources */ = {isa = PBXBuildFile; fileRef = 0FD00E3C2D2DDCA900869A40 /* UIColorExtension.swift */; };
		0FD00E402D2DDE9100869A40 /* BreathingView.swift in Sources */ = {isa = PBXBuildFile; fileRef = 0FD00E3F2D2DDE9100869A40 /* BreathingView.swift */; };
		0FD00E432D2E879100869A40 /* BreathingModeEnum.swift in Sources */ = {isa = PBXBuildFile; fileRef = 0FD00E422D2E879100869A40 /* BreathingModeEnum.swift */; };
		0FD00E452D2E92FA00869A40 /* BreathingViewExtension.swift in Sources */ = {isa = PBXBuildFile; fileRef = 0FD00E442D2E92FA00869A40 /* BreathingViewExtension.swift */; };
		0FD00E482D2EA0C200869A40 /* ExerciseView.swift in Sources */ = {isa = PBXBuildFile; fileRef = 0FD00E472D2EA0C200869A40 /* ExerciseView.swift */; };
		0FD00E4B2D2EA18300869A40 /* HapticsManager.swift in Sources */ = {isa = PBXBuildFile; fileRef = 0FD00E4A2D2EA18300869A40 /* HapticsManager.swift */; };
		0FD00E4D2D2EB4FA00869A40 /* LottieProgressView.swift in Sources */ = {isa = PBXBuildFile; fileRef = 0FD00E4C2D2EB4FA00869A40 /* LottieProgressView.swift */; };
/* End PBXBuildFile section */

/* Begin PBXFileReference section */
		0FD00E192D2DD09200869A40 /* BreathControl.app */ = {isa = PBXFileReference; explicitFileType = wrapper.application; includeInIndex = 0; path = BreathControl.app; sourceTree = BUILT_PRODUCTS_DIR; };
		0FD00E1C2D2DD09200869A40 /* BreathControlApp.swift */ = {isa = PBXFileReference; lastKnownFileType = sourcecode.swift; path = BreathControlApp.swift; sourceTree = "<group>"; };
		0FD00E1E2D2DD09200869A40 /* ContentView.swift */ = {isa = PBXFileReference; lastKnownFileType = sourcecode.swift; path = ContentView.swift; sourceTree = "<group>"; };
		0FD00E202D2DD09300869A40 /* Assets.xcassets */ = {isa = PBXFileReference; lastKnownFileType = folder.assetcatalog; path = Assets.xcassets; sourceTree = "<group>"; };
		0FD00E232D2DD09300869A40 /* Preview Assets.xcassets */ = {isa = PBXFileReference; lastKnownFileType = folder.assetcatalog; path = "Preview Assets.xcassets"; sourceTree = "<group>"; };
		0FD00E2F2D2DD0E500869A40 /* LottieView.swift */ = {isa = PBXFileReference; lastKnownFileType = sourcecode.swift; path = LottieView.swift; sourceTree = "<group>"; };
		0FD00E332D2DD15B00869A40 /* SplashView.swift */ = {isa = PBXFileReference; lastKnownFileType = sourcecode.swift; path = SplashView.swift; sourceTree = "<group>"; };
		0FD00E352D2DD51600869A40 /* lottie_circle.json */ = {isa = PBXFileReference; fileEncoding = 4; lastKnownFileType = text.json; path = lottie_circle.json; sourceTree = "<group>"; };
		0FD00E372D2DD90900869A40 /* lottie_breathe.json */ = {isa = PBXFileReference; fileEncoding = 4; lastKnownFileType = text.json; path = lottie_breathe.json; sourceTree = "<group>"; };
		0FD00E392D2DDAB900869A40 /* lottie_flower.json */ = {isa = PBXFileReference; fileEncoding = 4; lastKnownFileType = text.json; path = lottie_flower.json; sourceTree = "<group>"; };
		0FD00E3C2D2DDCA900869A40 /* UIColorExtension.swift */ = {isa = PBXFileReference; lastKnownFileType = sourcecode.swift; path = UIColorExtension.swift; sourceTree = "<group>"; };
		0FD00E3F2D2DDE9100869A40 /* BreathingView.swift */ = {isa = PBXFileReference; lastKnownFileType = sourcecode.swift; path = BreathingView.swift; sourceTree = "<group>"; };
		0FD00E422D2E879100869A40 /* BreathingModeEnum.swift */ = {isa = PBXFileReference; lastKnownFileType = sourcecode.swift; path = BreathingModeEnum.swift; sourceTree = "<group>"; };
		0FD00E442D2E92FA00869A40 /* BreathingViewExtension.swift */ = {isa = PBXFileReference; lastKnownFileType = sourcecode.swift; path = BreathingViewExtension.swift; sourceTree = "<group>"; };
		0FD00E472D2EA0C200869A40 /* ExerciseView.swift */ = {isa = PBXFileReference; lastKnownFileType = sourcecode.swift; path = ExerciseView.swift; sourceTree = "<group>"; };
		0FD00E4A2D2EA18300869A40 /* HapticsManager.swift */ = {isa = PBXFileReference; lastKnownFileType = sourcecode.swift; path = HapticsManager.swift; sourceTree = "<group>"; };
		0FD00E4C2D2EB4FA00869A40 /* LottieProgressView.swift */ = {isa = PBXFileReference; lastKnownFileType = sourcecode.swift; path = LottieProgressView.swift; sourceTree = "<group>"; };
/* End PBXFileReference section */

/* Begin PBXFrameworksBuildPhase section */
		0FD00E162D2DD09200869A40 /* Frameworks */ = {
			isa = PBXFrameworksBuildPhase;
			buildActionMask = 2147483647;
			files = (
				0FD00E2C2D2DD0C100869A40 /* Lottie in Frameworks */,
			);
			runOnlyForDeploymentPostprocessing = 0;
		};
/* End PBXFrameworksBuildPhase section */

/* Begin PBXGroup section */
		0FD00E102D2DD09200869A40 = {
			isa = PBXGroup;
			children = (
				0FD00E1B2D2DD09200869A40 /* BreathControl */,
				0FD00E1A2D2DD09200869A40 /* Products */,
			);
			sourceTree = "<group>";
		};
		0FD00E1A2D2DD09200869A40 /* Products */ = {
			isa = PBXGroup;
			children = (
				0FD00E192D2DD09200869A40 /* BreathControl.app */,
			);
			name = Products;
			sourceTree = "<group>";
		};
		0FD00E1B2D2DD09200869A40 /* BreathControl */ = {
			isa = PBXGroup;
			children = (
				0FD00E312D2DD0F100869A40 /* Screens */,
				0FD00E2D2D2DD0D400869A40 /* Resources */,
				0FD00E1C2D2DD09200869A40 /* BreathControlApp.swift */,
				0FD00E1E2D2DD09200869A40 /* ContentView.swift */,
				0FD00E202D2DD09300869A40 /* Assets.xcassets */,
				0FD00E222D2DD09300869A40 /* Preview Content */,
			);
			path = BreathControl;
			sourceTree = "<group>";
		};
		0FD00E222D2DD09300869A40 /* Preview Content */ = {
			isa = PBXGroup;
			children = (
				0FD00E232D2DD09300869A40 /* Preview Assets.xcassets */,
			);
			path = "Preview Content";
			sourceTree = "<group>";
		};
		0FD00E2D2D2DD0D400869A40 /* Resources */ = {
			isa = PBXGroup;
			children = (
				0FD00E492D2EA17900869A40 /* Managers */,
				0FD00E372D2DD90900869A40 /* lottie_breathe.json */,
				0FD00E352D2DD51600869A40 /* lottie_circle.json */,
				0FD00E392D2DDAB900869A40 /* lottie_flower.json */,
				0FD00E412D2E878200869A40 /* Enums */,
				0FD00E3B2D2DDC9800869A40 /* Extensions */,
				0FD00E2E2D2DD0DA00869A40 /* Views */,
			);
			path = Resources;
			sourceTree = "<group>";
		};
		0FD00E2E2D2DD0DA00869A40 /* Views */ = {
			isa = PBXGroup;
			children = (
				0FD00E2F2D2DD0E500869A40 /* LottieView.swift */,
				0FD00E4C2D2EB4FA00869A40 /* LottieProgressView.swift */,
			);
			path = Views;
			sourceTree = "<group>";
		};
		0FD00E312D2DD0F100869A40 /* Screens */ = {
			isa = PBXGroup;
			children = (
				0FD00E322D2DD14E00869A40 /* Splash */,
				0FD00E3E2D2DDE7C00869A40 /* Breathing */,
				0FD00E462D2EA0B400869A40 /* Exercise */,
			);
			path = Screens;
			sourceTree = "<group>";
		};
		0FD00E322D2DD14E00869A40 /* Splash */ = {
			isa = PBXGroup;
			children = (
				0FD00E332D2DD15B00869A40 /* SplashView.swift */,
			);
			path = Splash;
			sourceTree = "<group>";
		};
		0FD00E3B2D2DDC9800869A40 /* Extensions */ = {
			isa = PBXGroup;
			children = (
				0FD00E3C2D2DDCA900869A40 /* UIColorExtension.swift */,
			);
			path = Extensions;
			sourceTree = "<group>";
		};
		0FD00E3E2D2DDE7C00869A40 /* Breathing */ = {
			isa = PBXGroup;
			children = (
				0FD00E3F2D2DDE9100869A40 /* BreathingView.swift */,
				0FD00E442D2E92FA00869A40 /* BreathingViewExtension.swift */,
			);
			path = Breathing;
			sourceTree = "<group>";
		};
		0FD00E412D2E878200869A40 /* Enums */ = {
			isa = PBXGroup;
			children = (
				0FD00E422D2E879100869A40 /* BreathingModeEnum.swift */,
			);
			path = Enums;
			sourceTree = "<group>";
		};
		0FD00E462D2EA0B400869A40 /* Exercise */ = {
			isa = PBXGroup;
			children = (
				0FD00E472D2EA0C200869A40 /* ExerciseView.swift */,
			);
			path = Exercise;
			sourceTree = "<group>";
		};
		0FD00E492D2EA17900869A40 /* Managers */ = {
			isa = PBXGroup;
			children = (
				0FD00E4A2D2EA18300869A40 /* HapticsManager.swift */,
			);
			path = Managers;
			sourceTree = "<group>";
		};
/* End PBXGroup section */

/* Begin PBXNativeTarget section */
		0FD00E182D2DD09200869A40 /* BreathControl */ = {
			isa = PBXNativeTarget;
			buildConfigurationList = 0FD00E272D2DD09300869A40 /* Build configuration list for PBXNativeTarget "BreathControl" */;
			buildPhases = (
				0FD00E152D2DD09200869A40 /* Sources */,
				0FD00E162D2DD09200869A40 /* Frameworks */,
				0FD00E172D2DD09200869A40 /* Resources */,
			);
			buildRules = (
			);
			dependencies = (
			);
			name = BreathControl;
			packageProductDependencies = (
				0FD00E2B2D2DD0C100869A40 /* Lottie */,
			);
			productName = BreathControl;
			productReference = 0FD00E192D2DD09200869A40 /* BreathControl.app */;
			productType = "com.apple.product-type.application";
		};
/* End PBXNativeTarget section */

/* Begin PBXProject section */
		0FD00E112D2DD09200869A40 /* Project object */ = {
			isa = PBXProject;
			attributes = {
				BuildIndependentTargetsInParallel = 1;
				LastSwiftUpdateCheck = 1540;
				LastUpgradeCheck = 1540;
				TargetAttributes = {
					0FD00E182D2DD09200869A40 = {
						CreatedOnToolsVersion = 15.4;
					};
				};
			};
			buildConfigurationList = 0FD00E142D2DD09200869A40 /* Build configuration list for PBXProject "BreathControl" */;
			compatibilityVersion = "Xcode 14.0";
			developmentRegion = en;
			hasScannedForEncodings = 0;
			knownRegions = (
				en,
				Base,
			);
			mainGroup = 0FD00E102D2DD09200869A40;
			packageReferences = (
				0FD00E2A2D2DD0C100869A40 /* XCRemoteSwiftPackageReference "lottie-ios" */,
			);
			productRefGroup = 0FD00E1A2D2DD09200869A40 /* Products */;
			projectDirPath = "";
			projectRoot = "";
			targets = (
				0FD00E182D2DD09200869A40 /* BreathControl */,
			);
		};
/* End PBXProject section */

/* Begin PBXResourcesBuildPhase section */
		0FD00E172D2DD09200869A40 /* Resources */ = {
			isa = PBXResourcesBuildPhase;
			buildActionMask = 2147483647;
			files = (
				0FD00E362D2DD51600869A40 /* lottie_circle.json in Resources */,
				0FD00E242D2DD09300869A40 /* Preview Assets.xcassets in Resources */,
				0FD00E3A2D2DDAB900869A40 /* lottie_flower.json in Resources */,
				0FD00E382D2DD90900869A40 /* lottie_breathe.json in Resources */,
				0FD00E212D2DD09300869A40 /* Assets.xcassets in Resources */,
			);
			runOnlyForDeploymentPostprocessing = 0;
		};
/* End PBXResourcesBuildPhase section */

/* Begin PBXSourcesBuildPhase section */
		0FD00E152D2DD09200869A40 /* Sources */ = {
			isa = PBXSourcesBuildPhase;
			buildActionMask = 2147483647;
			files = (
				0FD00E1F2D2DD09200869A40 /* ContentView.swift in Sources */,
				0FD00E342D2DD15B00869A40 /* SplashView.swift in Sources */,
				0FD00E432D2E879100869A40 /* BreathingModeEnum.swift in Sources */,
				0FD00E482D2EA0C200869A40 /* ExerciseView.swift in Sources */,
				0FD00E452D2E92FA00869A40 /* BreathingViewExtension.swift in Sources */,
				0FD00E3D2D2DDCA900869A40 /* UIColorExtension.swift in Sources */,
				0FD00E1D2D2DD09200869A40 /* BreathControlApp.swift in Sources */,
				0FD00E302D2DD0E500869A40 /* LottieView.swift in Sources */,
				0FD00E4B2D2EA18300869A40 /* HapticsManager.swift in Sources */,
				0FD00E402D2DDE9100869A40 /* BreathingView.swift in Sources */,
				0FD00E4D2D2EB4FA00869A40 /* LottieProgressView.swift in Sources */,
			);
			runOnlyForDeploymentPostprocessing = 0;
		};
/* End PBXSourcesBuildPhase section */

/* Begin XCBuildConfiguration section */
		0FD00E252D2DD09300869A40 /* Debug */ = {
			isa = XCBuildConfiguration;
			buildSettings = {
				ALWAYS_SEARCH_USER_PATHS = NO;
				ASSETCATALOG_COMPILER_GENERATE_SWIFT_ASSET_SYMBOL_EXTENSIONS = YES;
				CLANG_ANALYZER_NONNULL = YES;
				CLANG_ANALYZER_NUMBER_OBJECT_CONVERSION = YES_AGGRESSIVE;
				CLANG_CXX_LANGUAGE_STANDARD = "gnu++20";
				CLANG_ENABLE_MODULES = YES;
				CLANG_ENABLE_OBJC_ARC = YES;
				CLANG_ENABLE_OBJC_WEAK = YES;
				CLANG_WARN_BLOCK_CAPTURE_AUTORELEASING = YES;
				CLANG_WARN_BOOL_CONVERSION = YES;
				CLANG_WARN_COMMA = YES;
				CLANG_WARN_CONSTANT_CONVERSION = YES;
				CLANG_WARN_DEPRECATED_OBJC_IMPLEMENTATIONS = YES;
				CLANG_WARN_DIRECT_OBJC_ISA_USAGE = YES_ERROR;
				CLANG_WARN_DOCUMENTATION_COMMENTS = YES;
				CLANG_WARN_EMPTY_BODY = YES;
				CLANG_WARN_ENUM_CONVERSION = YES;
				CLANG_WARN_INFINITE_RECURSION = YES;
				CLANG_WARN_INT_CONVERSION = YES;
				CLANG_WARN_NON_LITERAL_NULL_CONVERSION = YES;
				CLANG_WARN_OBJC_IMPLICIT_RETAIN_SELF = YES;
				CLANG_WARN_OBJC_LITERAL_CONVERSION = YES;
				CLANG_WARN_OBJC_ROOT_CLASS = YES_ERROR;
				CLANG_WARN_QUOTED_INCLUDE_IN_FRAMEWORK_HEADER = YES;
				CLANG_WARN_RANGE_LOOP_ANALYSIS = YES;
				CLANG_WARN_STRICT_PROTOTYPES = YES;
				CLANG_WARN_SUSPICIOUS_MOVE = YES;
				CLANG_WARN_UNGUARDED_AVAILABILITY = YES_AGGRESSIVE;
				CLANG_WARN_UNREACHABLE_CODE = YES;
				CLANG_WARN__DUPLICATE_METHOD_MATCH = YES;
				COPY_PHASE_STRIP = NO;
				DEBUG_INFORMATION_FORMAT = dwarf;
				ENABLE_STRICT_OBJC_MSGSEND = YES;
				ENABLE_TESTABILITY = YES;
				ENABLE_USER_SCRIPT_SANDBOXING = YES;
				GCC_C_LANGUAGE_STANDARD = gnu17;
				GCC_DYNAMIC_NO_PIC = NO;
				GCC_NO_COMMON_BLOCKS = YES;
				GCC_OPTIMIZATION_LEVEL = 0;
				GCC_PREPROCESSOR_DEFINITIONS = (
					"DEBUG=1",
					"$(inherited)",
				);
				GCC_WARN_64_TO_32_BIT_CONVERSION = YES;
				GCC_WARN_ABOUT_RETURN_TYPE = YES_ERROR;
				GCC_WARN_UNDECLARED_SELECTOR = YES;
				GCC_WARN_UNINITIALIZED_AUTOS = YES_AGGRESSIVE;
				GCC_WARN_UNUSED_FUNCTION = YES;
				GCC_WARN_UNUSED_VARIABLE = YES;
				IPHONEOS_DEPLOYMENT_TARGET = 17.5;
				LOCALIZATION_PREFERS_STRING_CATALOGS = YES;
				MTL_ENABLE_DEBUG_INFO = INCLUDE_SOURCE;
				MTL_FAST_MATH = YES;
				ONLY_ACTIVE_ARCH = YES;
				SDKROOT = iphoneos;
				SWIFT_ACTIVE_COMPILATION_CONDITIONS = "DEBUG $(inherited)";
				SWIFT_OPTIMIZATION_LEVEL = "-Onone";
			};
			name = Debug;
		};
		0FD00E262D2DD09300869A40 /* Release */ = {
			isa = XCBuildConfiguration;
			buildSettings = {
				ALWAYS_SEARCH_USER_PATHS = NO;
				ASSETCATALOG_COMPILER_GENERATE_SWIFT_ASSET_SYMBOL_EXTENSIONS = YES;
				CLANG_ANALYZER_NONNULL = YES;
				CLANG_ANALYZER_NUMBER_OBJECT_CONVERSION = YES_AGGRESSIVE;
				CLANG_CXX_LANGUAGE_STANDARD = "gnu++20";
				CLANG_ENABLE_MODULES = YES;
				CLANG_ENABLE_OBJC_ARC = YES;
				CLANG_ENABLE_OBJC_WEAK = YES;
				CLANG_WARN_BLOCK_CAPTURE_AUTORELEASING = YES;
				CLANG_WARN_BOOL_CONVERSION = YES;
				CLANG_WARN_COMMA = YES;
				CLANG_WARN_CONSTANT_CONVERSION = YES;
				CLANG_WARN_DEPRECATED_OBJC_IMPLEMENTATIONS = YES;
				CLANG_WARN_DIRECT_OBJC_ISA_USAGE = YES_ERROR;
				CLANG_WARN_DOCUMENTATION_COMMENTS = YES;
				CLANG_WARN_EMPTY_BODY = YES;
				CLANG_WARN_ENUM_CONVERSION = YES;
				CLANG_WARN_INFINITE_RECURSION = YES;
				CLANG_WARN_INT_CONVERSION = YES;
				CLANG_WARN_NON_LITERAL_NULL_CONVERSION = YES;
				CLANG_WARN_OBJC_IMPLICIT_RETAIN_SELF = YES;
				CLANG_WARN_OBJC_LITERAL_CONVERSION = YES;
				CLANG_WARN_OBJC_ROOT_CLASS = YES_ERROR;
				CLANG_WARN_QUOTED_INCLUDE_IN_FRAMEWORK_HEADER = YES;
				CLANG_WARN_RANGE_LOOP_ANALYSIS = YES;
				CLANG_WARN_STRICT_PROTOTYPES = YES;
				CLANG_WARN_SUSPICIOUS_MOVE = YES;
				CLANG_WARN_UNGUARDED_AVAILABILITY = YES_AGGRESSIVE;
				CLANG_WARN_UNREACHABLE_CODE = YES;
				CLANG_WARN__DUPLICATE_METHOD_MATCH = YES;
				COPY_PHASE_STRIP = NO;
				DEBUG_INFORMATION_FORMAT = "dwarf-with-dsym";
				ENABLE_NS_ASSERTIONS = NO;
				ENABLE_STRICT_OBJC_MSGSEND = YES;
				ENABLE_USER_SCRIPT_SANDBOXING = YES;
				GCC_C_LANGUAGE_STANDARD = gnu17;
				GCC_NO_COMMON_BLOCKS = YES;
				GCC_WARN_64_TO_32_BIT_CONVERSION = YES;
				GCC_WARN_ABOUT_RETURN_TYPE = YES_ERROR;
				GCC_WARN_UNDECLARED_SELECTOR = YES;
				GCC_WARN_UNINITIALIZED_AUTOS = YES_AGGRESSIVE;
				GCC_WARN_UNUSED_FUNCTION = YES;
				GCC_WARN_UNUSED_VARIABLE = YES;
				IPHONEOS_DEPLOYMENT_TARGET = 17.5;
				LOCALIZATION_PREFERS_STRING_CATALOGS = YES;
				MTL_ENABLE_DEBUG_INFO = NO;
				MTL_FAST_MATH = YES;
				SDKROOT = iphoneos;
				SWIFT_COMPILATION_MODE = wholemodule;
				VALIDATE_PRODUCT = YES;
			};
			name = Release;
		};
		0FD00E282D2DD09300869A40 /* Debug */ = {
			isa = XCBuildConfiguration;
			buildSettings = {
				ASSETCATALOG_COMPILER_APPICON_NAME = AppIcon;
				ASSETCATALOG_COMPILER_GLOBAL_ACCENT_COLOR_NAME = AccentColor;
				CODE_SIGN_STYLE = Automatic;
				CURRENT_PROJECT_VERSION = 1;
				DEVELOPMENT_ASSET_PATHS = "\"BreathControl/Preview Content\"";
				DEVELOPMENT_TEAM = KSUCKVJP8A;
				ENABLE_PREVIEWS = YES;
				GENERATE_INFOPLIST_FILE = YES;
				INFOPLIST_KEY_UIApplicationSceneManifest_Generation = YES;
				INFOPLIST_KEY_UIApplicationSupportsIndirectInputEvents = YES;
				INFOPLIST_KEY_UILaunchScreen_Generation = YES;
				INFOPLIST_KEY_UISupportedInterfaceOrientations_iPad = "UIInterfaceOrientationPortrait UIInterfaceOrientationPortraitUpsideDown UIInterfaceOrientationLandscapeLeft UIInterfaceOrientationLandscapeRight";
				INFOPLIST_KEY_UISupportedInterfaceOrientations_iPhone = "UIInterfaceOrientationPortrait UIInterfaceOrientationLandscapeLeft UIInterfaceOrientationLandscapeRight";
				LD_RUNPATH_SEARCH_PATHS = (
					"$(inherited)",
					"@executable_path/Frameworks",
				);
				MARKETING_VERSION = 1.0;
				PRODUCT_BUNDLE_IDENTIFIER = com.panos.BreathControl;
				PRODUCT_NAME = "$(TARGET_NAME)";
				SWIFT_EMIT_LOC_STRINGS = YES;
				SWIFT_VERSION = 5.0;
				TARGETED_DEVICE_FAMILY = "1,2";
			};
			name = Debug;
		};
		0FD00E292D2DD09300869A40 /* Release */ = {
			isa = XCBuildConfiguration;
			buildSettings = {
				ASSETCATALOG_COMPILER_APPICON_NAME = AppIcon;
				ASSETCATALOG_COMPILER_GLOBAL_ACCENT_COLOR_NAME = AccentColor;
				CODE_SIGN_STYLE = Automatic;
				CURRENT_PROJECT_VERSION = 1;
				DEVELOPMENT_ASSET_PATHS = "\"BreathControl/Preview Content\"";
				DEVELOPMENT_TEAM = KSUCKVJP8A;
				ENABLE_PREVIEWS = YES;
				GENERATE_INFOPLIST_FILE = YES;
				INFOPLIST_KEY_UIApplicationSceneManifest_Generation = YES;
				INFOPLIST_KEY_UIApplicationSupportsIndirectInputEvents = YES;
				INFOPLIST_KEY_UILaunchScreen_Generation = YES;
				INFOPLIST_KEY_UISupportedInterfaceOrientations_iPad = "UIInterfaceOrientationPortrait UIInterfaceOrientationPortraitUpsideDown UIInterfaceOrientationLandscapeLeft UIInterfaceOrientationLandscapeRight";
				INFOPLIST_KEY_UISupportedInterfaceOrientations_iPhone = "UIInterfaceOrientationPortrait UIInterfaceOrientationLandscapeLeft UIInterfaceOrientationLandscapeRight";
				LD_RUNPATH_SEARCH_PATHS = (
					"$(inherited)",
					"@executable_path/Frameworks",
				);
				MARKETING_VERSION = 1.0;
				PRODUCT_BUNDLE_IDENTIFIER = com.panos.BreathControl;
				PRODUCT_NAME = "$(TARGET_NAME)";
				SWIFT_EMIT_LOC_STRINGS = YES;
				SWIFT_VERSION = 5.0;
				TARGETED_DEVICE_FAMILY = "1,2";
			};
			name = Release;
		};
/* End XCBuildConfiguration section */

/* Begin XCConfigurationList section */
		0FD00E142D2DD09200869A40 /* Build configuration list for PBXProject "BreathControl" */ = {
			isa = XCConfigurationList;
			buildConfigurations = (
				0FD00E252D2DD09300869A40 /* Debug */,
				0FD00E262D2DD09300869A40 /* Release */,
			);
			defaultConfigurationIsVisible = 0;
			defaultConfigurationName = Release;
		};
		0FD00E272D2DD09300869A40 /* Build configuration list for PBXNativeTarget "BreathControl" */ = {
			isa = XCConfigurationList;
			buildConfigurations = (
				0FD00E282D2DD09300869A40 /* Debug */,
				0FD00E292D2DD09300869A40 /* Release */,
			);
			defaultConfigurationIsVisible = 0;
			defaultConfigurationName = Release;
		};
/* End XCConfigurationList section */

/* Begin XCRemoteSwiftPackageReference section */
		0FD00E2A2D2DD0C100869A40 /* XCRemoteSwiftPackageReference "lottie-ios" */ = {
			isa = XCRemoteSwiftPackageReference;
			repositoryURL = "https://github.com/airbnb/lottie-ios.git";
			requirement = {
				kind = upToNextMajorVersion;
				minimumVersion = 4.5.1;
			};
		};
/* End XCRemoteSwiftPackageReference section */

/* Begin XCSwiftPackageProductDependency section */
		0FD00E2B2D2DD0C100869A40 /* Lottie */ = {
			isa = XCSwiftPackageProductDependency;
			package = 0FD00E2A2D2DD0C100869A40 /* XCRemoteSwiftPackageReference "lottie-ios" */;
			productName = Lottie;
		};
/* End XCSwiftPackageProductDependency section */
	};
	rootObject = 0FD00E112D2DD09200869A40 /* Project object */;
}
